
Microsoft Visual Studio Solution File, Format Version 12.00
# Visual Studio Version 16
VisualStudioVersion = 16.0.31019.35
MinimumVisualStudioVersion = 10.0.40219.1
Project("{FAE04EC0-301F-11D3-BF4B-00C04F79EFBC}") = "MvvmBasic.Core", "MvvmBasic.Core\MvvmBasic.Core.csproj", "{EBBDACEA-7C02-4DF0-B2BD-9959F50217C3}"
EndProject
Project("{9A19103F-16F7-4668-BE54-9A1E7A4F7556}") = "Example.Shared", "Samples\Example.Shared\Example.Shared.csproj", "{C6DA265B-6FFC-45A3-B58C-EFCA9B98B713}"
EndProject
Project("{9A19103F-16F7-4668-BE54-9A1E7A4F7556}") = "Example.Desktop", "Samples\Example.Desktop\Example.Desktop.csproj", "{F5678A37-04B8-4FAA-B5D2-F5110476A061}"
EndProject
Project("{9A19103F-16F7-4668-BE54-9A1E7A4F7556}") = "Example.Mobile", "Samples\Example.Mobile\Example.Mobile\Example.Mobile.csproj", "{11B8302C-92A4-44CD-8767-B27078242A02}"
EndProject
Project("{FAE04EC0-301F-11D3-BF4B-00C04F79EFBC}") = "Example.Mobile.Android", "Samples\Example.Mobile\Example.Mobile.Android\Example.Mobile.Android.csproj", "{417513AF-319E-40F0-9B6E-B865C37E7941}"
EndProject
Global
	GlobalSection(SolutionConfigurationPlatforms) = preSolution
		Debug|Any CPU = Debug|Any CPU
		Release|Any CPU = Release|Any CPU
	EndGlobalSection
	GlobalSection(ProjectConfigurationPlatforms) = postSolution
		{EBBDACEA-7C02-4DF0-B2BD-9959F50217C3}.Debug|Any CPU.ActiveCfg = Debug|Any CPU
		{EBBDACEA-7C02-4DF0-B2BD-9959F50217C3}.Debug|Any CPU.Build.0 = Debug|Any CPU
		{EBBDACEA-7C02-4DF0-B2BD-9959F50217C3}.Release|Any CPU.ActiveCfg = Release|Any CPU
		{EBBDACEA-7C02-4DF0-B2BD-9959F50217C3}.Release|Any CPU.Build.0 = Release|Any CPU
		{C6DA265B-6FFC-45A3-B58C-EFCA9B98B713}.Debug|Any CPU.ActiveCfg = Debug|Any CPU
		{C6DA265B-6FFC-45A3-B58C-EFCA9B98B713}.Debug|Any CPU.Build.0 = Debug|Any CPU
		{C6DA265B-6FFC-45A3-B58C-EFCA9B98B713}.Release|Any CPU.ActiveCfg = Release|Any CPU
		{C6DA265B-6FFC-45A3-B58C-EFCA9B98B713}.Release|Any CPU.Build.0 = Release|Any CPU
		{F5678A37-04B8-4FAA-B5D2-F5110476A061}.Debug|Any CPU.ActiveCfg = Debug|Any CPU
		{F5678A37-04B8-4FAA-B5D2-F5110476A061}.Debug|Any CPU.Build.0 = Debug|Any CPU
		{F5678A37-04B8-4FAA-B5D2-F5110476A061}.Release|Any CPU.ActiveCfg = Release|Any CPU
		{F5678A37-04B8-4FAA-B5D2-F5110476A061}.Release|Any CPU.Build.0 = Release|Any CPU
		{11B8302C-92A4-44CD-8767-B27078242A02}.Debug|Any CPU.ActiveCfg = Debug|Any CPU
		{11B8302C-92A4-44CD-8767-B27078242A02}.Debug|Any CPU.Build.0 = Debug|Any CPU
		{11B8302C-92A4-44CD-8767-B27078242A02}.Release|Any CPU.ActiveCfg = Release|Any CPU
		{11B8302C-92A4-44CD-8767-B27078242A02}.Release|Any CPU.Build.0 = Release|Any CPU
		{417513AF-319E-40F0-9B6E-B865C37E7941}.Debug|Any CPU.ActiveCfg = Debug|Any CPU
		{417513AF-319E-40F0-9B6E-B865C37E7941}.Debug|Any CPU.Build.0 = Debug|Any CPU
		{417513AF-319E-40F0-9B6E-B865C37E7941}.Debug|Any CPU.Deploy.0 = Debug|Any CPU
		{417513AF-319E-40F0-9B6E-B865C37E7941}.Release|Any CPU.ActiveCfg = Release|Any CPU
		{417513AF-319E-40F0-9B6E-B865C37E7941}.Release|Any CPU.Build.0 = Release|Any CPU
		{417513AF-319E-40F0-9B6E-B865C37E7941}.Release|Any CPU.Deploy.0 = Release|Any CPU
	EndGlobalSection
	GlobalSection(SolutionProperties) = preSolution
		HideSolutionNode = FALSE
	EndGlobalSection
	GlobalSection(ExtensibilityGlobals) = postSolution
		SolutionGuid = {7071FD64-EA3C-49E4-A7DB-222E06585B6C}
	EndGlobalSection
EndGlobal
