
Microsoft Visual Studio Solution File, Format Version 12.00
# Visual Studio Version 16
VisualStudioVersion = 16.0.31019.35
MinimumVisualStudioVersion = 10.0.40219.1
Project("{FAE04EC0-301F-11D3-BF4B-00C04F79EFBC}") = "Example.Mobile.Android", "Example.Mobile.Android\Example.Mobile.Android.csproj", "{417513AF-319E-40F0-9B6E-B865C37E7941}"
EndProject
Project("{9A19103F-16F7-4668-BE54-9A1E7A4F7556}") = "Example.Mobile", "Example.Mobile\Example.Mobile.csproj", "{7403E7E7-4880-466C-A36F-7A265C130CCC}"
EndProject
Project("{9A19103F-16F7-4668-BE54-9A1E7A4F7556}") = "Example.Common", "..\Example.Common\Example.Common.csproj", "{CCDDB195-5FBA-406A-9BF5-FBAD807FCDED}"
EndProject
Project("{9A19103F-16F7-4668-BE54-9A1E7A4F7556}") = "Example.ViewModels", "..\Example.ViewModels\Example.ViewModels.csproj", "{1C08C35C-E5B4-4C1E-A5AF-243AE9627F13}"
EndProject
Project("{9A19103F-16F7-4668-BE54-9A1E7A4F7556}") = "Example.Models", "..\Example.Models\Example.Models.csproj", "{86AD15D2-D4F5-478D-B11D-0690BBCED45A}"
EndProject
Global
	GlobalSection(SolutionConfigurationPlatforms) = preSolution
		Debug|Any CPU = Debug|Any CPU
		Release|Any CPU = Release|Any CPU
	EndGlobalSection
	GlobalSection(ProjectConfigurationPlatforms) = postSolution
		{417513AF-319E-40F0-9B6E-B865C37E7941}.Debug|Any CPU.ActiveCfg = Debug|Any CPU
		{417513AF-319E-40F0-9B6E-B865C37E7941}.Debug|Any CPU.Build.0 = Debug|Any CPU
		{417513AF-319E-40F0-9B6E-B865C37E7941}.Debug|Any CPU.Deploy.0 = Debug|Any CPU
		{417513AF-319E-40F0-9B6E-B865C37E7941}.Release|Any CPU.ActiveCfg = Release|Any CPU
		{417513AF-319E-40F0-9B6E-B865C37E7941}.Release|Any CPU.Build.0 = Release|Any CPU
		{417513AF-319E-40F0-9B6E-B865C37E7941}.Release|Any CPU.Deploy.0 = Release|Any CPU
		{7403E7E7-4880-466C-A36F-7A265C130CCC}.Debug|Any CPU.ActiveCfg = Debug|Any CPU
		{7403E7E7-4880-466C-A36F-7A265C130CCC}.Debug|Any CPU.Build.0 = Debug|Any CPU
		{7403E7E7-4880-466C-A36F-7A265C130CCC}.Debug|Any CPU.Deploy.0 = Debug|Any CPU
		{7403E7E7-4880-466C-A36F-7A265C130CCC}.Release|Any CPU.ActiveCfg = Release|Any CPU
		{7403E7E7-4880-466C-A36F-7A265C130CCC}.Release|Any CPU.Build.0 = Release|Any CPU
		{7403E7E7-4880-466C-A36F-7A265C130CCC}.Release|Any CPU.Deploy.0 = Release|Any CPU
		{CCDDB195-5FBA-406A-9BF5-FBAD807FCDED}.Debug|Any CPU.ActiveCfg = Debug|Any CPU
		{CCDDB195-5FBA-406A-9BF5-FBAD807FCDED}.Debug|Any CPU.Build.0 = Debug|Any CPU
		{CCDDB195-5FBA-406A-9BF5-FBAD807FCDED}.Release|Any CPU.ActiveCfg = Release|Any CPU
		{CCDDB195-5FBA-406A-9BF5-FBAD807FCDED}.Release|Any CPU.Build.0 = Release|Any CPU
		{1C08C35C-E5B4-4C1E-A5AF-243AE9627F13}.Debug|Any CPU.ActiveCfg = Debug|Any CPU
		{1C08C35C-E5B4-4C1E-A5AF-243AE9627F13}.Debug|Any CPU.Build.0 = Debug|Any CPU
		{1C08C35C-E5B4-4C1E-A5AF-243AE9627F13}.Release|Any CPU.ActiveCfg = Release|Any CPU
		{1C08C35C-E5B4-4C1E-A5AF-243AE9627F13}.Release|Any CPU.Build.0 = Release|Any CPU
		{86AD15D2-D4F5-478D-B11D-0690BBCED45A}.Debug|Any CPU.ActiveCfg = Debug|Any CPU
		{86AD15D2-D4F5-478D-B11D-0690BBCED45A}.Debug|Any CPU.Build.0 = Debug|Any CPU
		{86AD15D2-D4F5-478D-B11D-0690BBCED45A}.Release|Any CPU.ActiveCfg = Release|Any CPU
		{86AD15D2-D4F5-478D-B11D-0690BBCED45A}.Release|Any CPU.Build.0 = Release|Any CPU
	EndGlobalSection
	GlobalSection(SolutionProperties) = preSolution
		HideSolutionNode = FALSE
	EndGlobalSection
	GlobalSection(ExtensibilityGlobals) = postSolution
		SolutionGuid = {D97529F0-B7D6-491D-9308-4641DEB90B52}
	EndGlobalSection
EndGlobal
